
Microsoft Visual Studio Solution File, Format Version 12.00
# Visual Studio 2013
VisualStudioVersion = 12.0.31101.0
MinimumVisualStudioVersion = 10.0.40219.1
Project("{FAE04EC0-301F-11D3-BF4B-00C04F79EFBC}") = "look.communication", "look.communication\look.communication.csproj", "{53F23269-DF01-495E-B5F3-7EA61FA9254A}"
EndProject
Project("{FAE04EC0-301F-11D3-BF4B-00C04F79EFBC}") = "look.sender.wpf", "look.sender.wpf\look.sender.wpf.csproj", "{7562ADE0-A31D-4F3A-ABF8-18BC3EAB0C96}"
EndProject
Project("{2150E333-8FDC-42A3-9474-1A3956D46DE8}") = "WPFClient", "WPFClient", "{33DB1ED1-B934-493F-BE87-72F82450B7B9}"
EndProject
Project("{FAE04EC0-301F-11D3-BF4B-00C04F79EFBC}") = "look.sender.wpf.controls", "look.sender.wpf.controls\look.sender.wpf.controls.csproj", "{2F1336D7-E52F-406E-B686-F8B03F778341}"
EndProject
Project("{FAE04EC0-301F-11D3-BF4B-00C04F79EFBC}") = "look.communication.test.forms", "look.communication.test.forms\look.communication.test.forms.csproj", "{A638C3EA-EF71-4305-9903-F5E9DEE4E5F6}"
EndProject
Project("{FAE04EC0-301F-11D3-BF4B-00C04F79EFBC}") = "look.common", "look.common\look.common.csproj", "{31CC868E-3B3C-498B-95E1-C847283CCAF1}"
EndProject
Project("{FAE04EC0-301F-11D3-BF4B-00C04F79EFBC}") = "look.capture", "look.capture\look.capture.csproj", "{16157B53-34B2-4E59-BED9-A51F97F6E474}"
EndProject
Global
	GlobalSection(SolutionConfigurationPlatforms) = preSolution
		Debug|Any CPU = Debug|Any CPU
		Release|Any CPU = Release|Any CPU
	EndGlobalSection
	GlobalSection(ProjectConfigurationPlatforms) = postSolution
		{53F23269-DF01-495E-B5F3-7EA61FA9254A}.Debug|Any CPU.ActiveCfg = Debug|Any CPU
		{53F23269-DF01-495E-B5F3-7EA61FA9254A}.Debug|Any CPU.Build.0 = Debug|Any CPU
		{53F23269-DF01-495E-B5F3-7EA61FA9254A}.Release|Any CPU.ActiveCfg = Release|Any CPU
		{53F23269-DF01-495E-B5F3-7EA61FA9254A}.Release|Any CPU.Build.0 = Release|Any CPU
		{7562ADE0-A31D-4F3A-ABF8-18BC3EAB0C96}.Debug|Any CPU.ActiveCfg = Debug|Any CPU
		{7562ADE0-A31D-4F3A-ABF8-18BC3EAB0C96}.Debug|Any CPU.Build.0 = Debug|Any CPU
		{7562ADE0-A31D-4F3A-ABF8-18BC3EAB0C96}.Release|Any CPU.ActiveCfg = Release|Any CPU
		{7562ADE0-A31D-4F3A-ABF8-18BC3EAB0C96}.Release|Any CPU.Build.0 = Release|Any CPU
		{2F1336D7-E52F-406E-B686-F8B03F778341}.Debug|Any CPU.ActiveCfg = Debug|Any CPU
		{2F1336D7-E52F-406E-B686-F8B03F778341}.Debug|Any CPU.Build.0 = Debug|Any CPU
		{2F1336D7-E52F-406E-B686-F8B03F778341}.Release|Any CPU.ActiveCfg = Release|Any CPU
		{2F1336D7-E52F-406E-B686-F8B03F778341}.Release|Any CPU.Build.0 = Release|Any CPU
		{A638C3EA-EF71-4305-9903-F5E9DEE4E5F6}.Debug|Any CPU.ActiveCfg = Debug|Any CPU
		{A638C3EA-EF71-4305-9903-F5E9DEE4E5F6}.Debug|Any CPU.Build.0 = Debug|Any CPU
		{A638C3EA-EF71-4305-9903-F5E9DEE4E5F6}.Release|Any CPU.ActiveCfg = Release|Any CPU
		{A638C3EA-EF71-4305-9903-F5E9DEE4E5F6}.Release|Any CPU.Build.0 = Release|Any CPU
		{31CC868E-3B3C-498B-95E1-C847283CCAF1}.Debug|Any CPU.ActiveCfg = Debug|Any CPU
		{31CC868E-3B3C-498B-95E1-C847283CCAF1}.Debug|Any CPU.Build.0 = Debug|Any CPU
		{31CC868E-3B3C-498B-95E1-C847283CCAF1}.Release|Any CPU.ActiveCfg = Release|Any CPU
		{31CC868E-3B3C-498B-95E1-C847283CCAF1}.Release|Any CPU.Build.0 = Release|Any CPU
		{16157B53-34B2-4E59-BED9-A51F97F6E474}.Debug|Any CPU.ActiveCfg = Debug|Any CPU
		{16157B53-34B2-4E59-BED9-A51F97F6E474}.Debug|Any CPU.Build.0 = Debug|Any CPU
		{16157B53-34B2-4E59-BED9-A51F97F6E474}.Release|Any CPU.ActiveCfg = Release|Any CPU
		{16157B53-34B2-4E59-BED9-A51F97F6E474}.Release|Any CPU.Build.0 = Release|Any CPU
	EndGlobalSection
	GlobalSection(SolutionProperties) = preSolution
		HideSolutionNode = FALSE
	EndGlobalSection
	GlobalSection(NestedProjects) = preSolution
		{7562ADE0-A31D-4F3A-ABF8-18BC3EAB0C96} = {33DB1ED1-B934-493F-BE87-72F82450B7B9}
		{2F1336D7-E52F-406E-B686-F8B03F778341} = {33DB1ED1-B934-493F-BE87-72F82450B7B9}
	EndGlobalSection
EndGlobal
